
Microsoft Visual Studio Solution File, Format Version 12.00
# Visual Studio 15
VisualStudioVersion = 15.0.27428.2002
MinimumVisualStudioVersion = 10.0.40219.1
Project("{FAE04EC0-301F-11D3-BF4B-00C04F79EFBC}") = "FizzBuzz", "FizzBuzz\FizzBuzz.csproj", "{4569C1B4-9EA5-4655-A043-7CEF76EABBF9}"
EndProject
Global
	GlobalSection(SolutionConfigurationPlatforms) = preSolution
		Debug|Any CPU = Debug|Any CPU
		Release|Any CPU = Release|Any CPU
	EndGlobalSection
	GlobalSection(ProjectConfigurationPlatforms) = postSolution
		{4569C1B4-9EA5-4655-A043-7CEF76EABBF9}.Debug|Any CPU.ActiveCfg = Debug|Any CPU
		{4569C1B4-9EA5-4655-A043-7CEF76EABBF9}.Debug|Any CPU.Build.0 = Debug|Any CPU
		{4569C1B4-9EA5-4655-A043-7CEF76EABBF9}.Release|Any CPU.ActiveCfg = Release|Any CPU
		{4569C1B4-9EA5-4655-A043-7CEF76EABBF9}.Release|Any CPU.Build.0 = Release|Any CPU
	EndGlobalSection
	GlobalSection(SolutionProperties) = preSolution
		HideSolutionNode = FALSE
	EndGlobalSection
	GlobalSection(ExtensibilityGlobals) = postSolution
		SolutionGuid = {2C968623-ABF6-4024-99F3-9792C2C4B2AB}
	EndGlobalSection
EndGlobal
